
Microsoft Visual Studio Solution File, Format Version 12.00
# Visual Studio Version 16
VisualStudioVersion = 16.0.808.7
MinimumVisualStudioVersion = 10.0.40219.1
Project("{FAE04EC0-301F-11D3-BF4B-00C04F79EFBC}") = "problem04", "problem04.csproj", "{887F0F53-3FDE-4B13-B1D6-D5288465E1F9}"
EndProject
Global
	GlobalSection(SolutionConfigurationPlatforms) = preSolution
		Debug|Any CPU = Debug|Any CPU
		Release|Any CPU = Release|Any CPU
	EndGlobalSection
	GlobalSection(ProjectConfigurationPlatforms) = postSolution
		{887F0F53-3FDE-4B13-B1D6-D5288465E1F9}.Debug|Any CPU.ActiveCfg = Debug|Any CPU
		{887F0F53-3FDE-4B13-B1D6-D5288465E1F9}.Debug|Any CPU.Build.0 = Debug|Any CPU
		{887F0F53-3FDE-4B13-B1D6-D5288465E1F9}.Release|Any CPU.ActiveCfg = Release|Any CPU
		{887F0F53-3FDE-4B13-B1D6-D5288465E1F9}.Release|Any CPU.Build.0 = Release|Any CPU
	EndGlobalSection
	GlobalSection(SolutionProperties) = preSolution
		HideSolutionNode = FALSE
	EndGlobalSection
	GlobalSection(ExtensibilityGlobals) = postSolution
		SolutionGuid = {3456735B-84ED-409E-B901-115D632F5637}
	EndGlobalSection
EndGlobal
