
Microsoft Visual Studio Solution File, Format Version 12.00
# Visual Studio Version 16
VisualStudioVersion = 16.0.808.7
MinimumVisualStudioVersion = 10.0.40219.1
Project("{FAE04EC0-301F-11D3-BF4B-00C04F79EFBC}") = "problem08", "problem08.csproj", "{BFC263D8-0D7B-493D-9264-8F1327D331D8}"
EndProject
Global
	GlobalSection(SolutionConfigurationPlatforms) = preSolution
		Debug|Any CPU = Debug|Any CPU
		Release|Any CPU = Release|Any CPU
	EndGlobalSection
	GlobalSection(ProjectConfigurationPlatforms) = postSolution
		{BFC263D8-0D7B-493D-9264-8F1327D331D8}.Debug|Any CPU.ActiveCfg = Debug|Any CPU
		{BFC263D8-0D7B-493D-9264-8F1327D331D8}.Debug|Any CPU.Build.0 = Debug|Any CPU
		{BFC263D8-0D7B-493D-9264-8F1327D331D8}.Release|Any CPU.ActiveCfg = Release|Any CPU
		{BFC263D8-0D7B-493D-9264-8F1327D331D8}.Release|Any CPU.Build.0 = Release|Any CPU
	EndGlobalSection
	GlobalSection(SolutionProperties) = preSolution
		HideSolutionNode = FALSE
	EndGlobalSection
	GlobalSection(ExtensibilityGlobals) = postSolution
		SolutionGuid = {22816009-D2F4-48D1-BD4A-1921C06014F9}
	EndGlobalSection
EndGlobal
