
Microsoft Visual Studio Solution File, Format Version 12.00
# Visual Studio Version 16
VisualStudioVersion = 16.0.808.7
MinimumVisualStudioVersion = 10.0.40219.1
Project("{FAE04EC0-301F-11D3-BF4B-00C04F79EFBC}") = "problem05", "problem05.csproj", "{6CDDF34F-5544-46AE-A426-A0ACAF6C0DE4}"
EndProject
Global
	GlobalSection(SolutionConfigurationPlatforms) = preSolution
		Debug|Any CPU = Debug|Any CPU
		Release|Any CPU = Release|Any CPU
	EndGlobalSection
	GlobalSection(ProjectConfigurationPlatforms) = postSolution
		{6CDDF34F-5544-46AE-A426-A0ACAF6C0DE4}.Debug|Any CPU.ActiveCfg = Debug|Any CPU
		{6CDDF34F-5544-46AE-A426-A0ACAF6C0DE4}.Debug|Any CPU.Build.0 = Debug|Any CPU
		{6CDDF34F-5544-46AE-A426-A0ACAF6C0DE4}.Release|Any CPU.ActiveCfg = Release|Any CPU
		{6CDDF34F-5544-46AE-A426-A0ACAF6C0DE4}.Release|Any CPU.Build.0 = Release|Any CPU
	EndGlobalSection
	GlobalSection(SolutionProperties) = preSolution
		HideSolutionNode = FALSE
	EndGlobalSection
	GlobalSection(ExtensibilityGlobals) = postSolution
		SolutionGuid = {FCEE024C-8BE5-46F7-A000-6A5DD73671FB}
	EndGlobalSection
EndGlobal
