
Microsoft Visual Studio Solution File, Format Version 12.00
# Visual Studio Version 16
VisualStudioVersion = 16.0.808.7
MinimumVisualStudioVersion = 10.0.40219.1
Project("{FAE04EC0-301F-11D3-BF4B-00C04F79EFBC}") = "01_helloworld", "01_helloworld.csproj", "{E5C8E03D-E42A-4519-8273-379BDA074790}"
EndProject
Global
	GlobalSection(SolutionConfigurationPlatforms) = preSolution
		Debug|Any CPU = Debug|Any CPU
		Release|Any CPU = Release|Any CPU
	EndGlobalSection
	GlobalSection(ProjectConfigurationPlatforms) = postSolution
		{E5C8E03D-E42A-4519-8273-379BDA074790}.Debug|Any CPU.ActiveCfg = Debug|Any CPU
		{E5C8E03D-E42A-4519-8273-379BDA074790}.Debug|Any CPU.Build.0 = Debug|Any CPU
		{E5C8E03D-E42A-4519-8273-379BDA074790}.Release|Any CPU.ActiveCfg = Release|Any CPU
		{E5C8E03D-E42A-4519-8273-379BDA074790}.Release|Any CPU.Build.0 = Release|Any CPU
	EndGlobalSection
	GlobalSection(SolutionProperties) = preSolution
		HideSolutionNode = FALSE
	EndGlobalSection
	GlobalSection(ExtensibilityGlobals) = postSolution
		SolutionGuid = {3CB63753-D35D-47FA-BA7A-CF61D8C6316A}
	EndGlobalSection
EndGlobal
