
Microsoft Visual Studio Solution File, Format Version 12.00
# Visual Studio Version 16
VisualStudioVersion = 16.0.808.7
MinimumVisualStudioVersion = 10.0.40219.1
Project("{FAE04EC0-301F-11D3-BF4B-00C04F79EFBC}") = "problem11", "problem11.csproj", "{31AA6ED4-23AF-4018-8EFE-86ED5980840F}"
EndProject
Global
	GlobalSection(SolutionConfigurationPlatforms) = preSolution
		Debug|Any CPU = Debug|Any CPU
		Release|Any CPU = Release|Any CPU
	EndGlobalSection
	GlobalSection(ProjectConfigurationPlatforms) = postSolution
		{31AA6ED4-23AF-4018-8EFE-86ED5980840F}.Debug|Any CPU.ActiveCfg = Debug|Any CPU
		{31AA6ED4-23AF-4018-8EFE-86ED5980840F}.Debug|Any CPU.Build.0 = Debug|Any CPU
		{31AA6ED4-23AF-4018-8EFE-86ED5980840F}.Release|Any CPU.ActiveCfg = Release|Any CPU
		{31AA6ED4-23AF-4018-8EFE-86ED5980840F}.Release|Any CPU.Build.0 = Release|Any CPU
	EndGlobalSection
	GlobalSection(SolutionProperties) = preSolution
		HideSolutionNode = FALSE
	EndGlobalSection
	GlobalSection(ExtensibilityGlobals) = postSolution
		SolutionGuid = {A7330243-916D-4B75-8953-EC84D949921F}
	EndGlobalSection
EndGlobal
