
Microsoft Visual Studio Solution File, Format Version 12.00
# Visual Studio Version 16
VisualStudioVersion = 16.0.808.7
MinimumVisualStudioVersion = 10.0.40219.1
Project("{FAE04EC0-301F-11D3-BF4B-00C04F79EFBC}") = "problem05", "problem05.csproj", "{5217DA2C-17E8-4D25-B332-35C6A597E160}"
EndProject
Global
	GlobalSection(SolutionConfigurationPlatforms) = preSolution
		Debug|Any CPU = Debug|Any CPU
		Release|Any CPU = Release|Any CPU
	EndGlobalSection
	GlobalSection(ProjectConfigurationPlatforms) = postSolution
		{5217DA2C-17E8-4D25-B332-35C6A597E160}.Debug|Any CPU.ActiveCfg = Debug|Any CPU
		{5217DA2C-17E8-4D25-B332-35C6A597E160}.Debug|Any CPU.Build.0 = Debug|Any CPU
		{5217DA2C-17E8-4D25-B332-35C6A597E160}.Release|Any CPU.ActiveCfg = Release|Any CPU
		{5217DA2C-17E8-4D25-B332-35C6A597E160}.Release|Any CPU.Build.0 = Release|Any CPU
	EndGlobalSection
	GlobalSection(SolutionProperties) = preSolution
		HideSolutionNode = FALSE
	EndGlobalSection
	GlobalSection(ExtensibilityGlobals) = postSolution
		SolutionGuid = {3F43573D-253C-400F-8F52-0C001868A311}
	EndGlobalSection
EndGlobal
