
Microsoft Visual Studio Solution File, Format Version 12.00
# Visual Studio Version 16
VisualStudioVersion = 16.0.808.7
MinimumVisualStudioVersion = 10.0.40219.1
Project("{FAE04EC0-301F-11D3-BF4B-00C04F79EFBC}") = "problem12", "problem12.csproj", "{4C094590-0E09-4384-A88A-93647F85A287}"
EndProject
Global
	GlobalSection(SolutionConfigurationPlatforms) = preSolution
		Debug|Any CPU = Debug|Any CPU
		Release|Any CPU = Release|Any CPU
	EndGlobalSection
	GlobalSection(ProjectConfigurationPlatforms) = postSolution
		{4C094590-0E09-4384-A88A-93647F85A287}.Debug|Any CPU.ActiveCfg = Debug|Any CPU
		{4C094590-0E09-4384-A88A-93647F85A287}.Debug|Any CPU.Build.0 = Debug|Any CPU
		{4C094590-0E09-4384-A88A-93647F85A287}.Release|Any CPU.ActiveCfg = Release|Any CPU
		{4C094590-0E09-4384-A88A-93647F85A287}.Release|Any CPU.Build.0 = Release|Any CPU
	EndGlobalSection
	GlobalSection(SolutionProperties) = preSolution
		HideSolutionNode = FALSE
	EndGlobalSection
	GlobalSection(ExtensibilityGlobals) = postSolution
		SolutionGuid = {A7158540-4FD3-4E83-B7BF-EF8D9EE1006C}
	EndGlobalSection
EndGlobal
