
Microsoft Visual Studio Solution File, Format Version 12.00
# Visual Studio Version 16
VisualStudioVersion = 16.0.808.7
MinimumVisualStudioVersion = 10.0.40219.1
Project("{FAE04EC0-301F-11D3-BF4B-00C04F79EFBC}") = "problem07", "problem07.csproj", "{62B28A95-95C4-4DC3-8FCC-AEACBC6449C1}"
EndProject
Global
	GlobalSection(SolutionConfigurationPlatforms) = preSolution
		Debug|Any CPU = Debug|Any CPU
		Release|Any CPU = Release|Any CPU
	EndGlobalSection
	GlobalSection(ProjectConfigurationPlatforms) = postSolution
		{62B28A95-95C4-4DC3-8FCC-AEACBC6449C1}.Debug|Any CPU.ActiveCfg = Debug|Any CPU
		{62B28A95-95C4-4DC3-8FCC-AEACBC6449C1}.Debug|Any CPU.Build.0 = Debug|Any CPU
		{62B28A95-95C4-4DC3-8FCC-AEACBC6449C1}.Release|Any CPU.ActiveCfg = Release|Any CPU
		{62B28A95-95C4-4DC3-8FCC-AEACBC6449C1}.Release|Any CPU.Build.0 = Release|Any CPU
	EndGlobalSection
	GlobalSection(SolutionProperties) = preSolution
		HideSolutionNode = FALSE
	EndGlobalSection
	GlobalSection(ExtensibilityGlobals) = postSolution
		SolutionGuid = {4A082073-7292-4136-99C4-AE8E2F867B13}
	EndGlobalSection
EndGlobal
