
Microsoft Visual Studio Solution File, Format Version 12.00
# Visual Studio Version 16
VisualStudioVersion = 16.0.808.7
MinimumVisualStudioVersion = 10.0.40219.1
Project("{FAE04EC0-301F-11D3-BF4B-00C04F79EFBC}") = "problem08", "problem08.csproj", "{B4179D0F-8B0E-4FB7-834D-9577AD573BFF}"
EndProject
Global
	GlobalSection(SolutionConfigurationPlatforms) = preSolution
		Debug|Any CPU = Debug|Any CPU
		Release|Any CPU = Release|Any CPU
	EndGlobalSection
	GlobalSection(ProjectConfigurationPlatforms) = postSolution
		{B4179D0F-8B0E-4FB7-834D-9577AD573BFF}.Debug|Any CPU.ActiveCfg = Debug|Any CPU
		{B4179D0F-8B0E-4FB7-834D-9577AD573BFF}.Debug|Any CPU.Build.0 = Debug|Any CPU
		{B4179D0F-8B0E-4FB7-834D-9577AD573BFF}.Release|Any CPU.ActiveCfg = Release|Any CPU
		{B4179D0F-8B0E-4FB7-834D-9577AD573BFF}.Release|Any CPU.Build.0 = Release|Any CPU
	EndGlobalSection
	GlobalSection(SolutionProperties) = preSolution
		HideSolutionNode = FALSE
	EndGlobalSection
	GlobalSection(ExtensibilityGlobals) = postSolution
		SolutionGuid = {AB90C2D8-7733-438F-8279-9942406698B7}
	EndGlobalSection
EndGlobal
