
Microsoft Visual Studio Solution File, Format Version 12.00
# Visual Studio Version 16
VisualStudioVersion = 16.0.808.7
MinimumVisualStudioVersion = 10.0.40219.1
Project("{FAE04EC0-301F-11D3-BF4B-00C04F79EFBC}") = "problem02", "problem02.csproj", "{CC98478F-672D-4B2A-9DA7-572C141930F2}"
EndProject
Global
	GlobalSection(SolutionConfigurationPlatforms) = preSolution
		Debug|Any CPU = Debug|Any CPU
		Release|Any CPU = Release|Any CPU
	EndGlobalSection
	GlobalSection(ProjectConfigurationPlatforms) = postSolution
		{CC98478F-672D-4B2A-9DA7-572C141930F2}.Debug|Any CPU.ActiveCfg = Debug|Any CPU
		{CC98478F-672D-4B2A-9DA7-572C141930F2}.Debug|Any CPU.Build.0 = Debug|Any CPU
		{CC98478F-672D-4B2A-9DA7-572C141930F2}.Release|Any CPU.ActiveCfg = Release|Any CPU
		{CC98478F-672D-4B2A-9DA7-572C141930F2}.Release|Any CPU.Build.0 = Release|Any CPU
	EndGlobalSection
	GlobalSection(SolutionProperties) = preSolution
		HideSolutionNode = FALSE
	EndGlobalSection
	GlobalSection(ExtensibilityGlobals) = postSolution
		SolutionGuid = {21B9C122-60EF-4FA3-AF85-90358840B94A}
	EndGlobalSection
EndGlobal
