
Microsoft Visual Studio Solution File, Format Version 12.00
# Visual Studio Version 16
VisualStudioVersion = 16.0.808.7
MinimumVisualStudioVersion = 10.0.40219.1
Project("{FAE04EC0-301F-11D3-BF4B-00C04F79EFBC}") = "problem_01", "problem_01.csproj", "{38622E0E-23D4-469D-833A-A7ACC895A796}"
EndProject
Global
	GlobalSection(SolutionConfigurationPlatforms) = preSolution
		Debug|Any CPU = Debug|Any CPU
		Release|Any CPU = Release|Any CPU
	EndGlobalSection
	GlobalSection(ProjectConfigurationPlatforms) = postSolution
		{38622E0E-23D4-469D-833A-A7ACC895A796}.Debug|Any CPU.ActiveCfg = Debug|Any CPU
		{38622E0E-23D4-469D-833A-A7ACC895A796}.Debug|Any CPU.Build.0 = Debug|Any CPU
		{38622E0E-23D4-469D-833A-A7ACC895A796}.Release|Any CPU.ActiveCfg = Release|Any CPU
		{38622E0E-23D4-469D-833A-A7ACC895A796}.Release|Any CPU.Build.0 = Release|Any CPU
	EndGlobalSection
	GlobalSection(SolutionProperties) = preSolution
		HideSolutionNode = FALSE
	EndGlobalSection
	GlobalSection(ExtensibilityGlobals) = postSolution
		SolutionGuid = {34378D9D-112E-4251-AD31-8C1F18A70C23}
	EndGlobalSection
EndGlobal
